
Microsoft Visual Studio Solution File, Format Version 12.00
Project("{2150E333-8FDC-42A3-9474-1A3956D46DE8}") = "src", "src", "{2CFCE929-C3D4-47E5-BDA3-924E7EBCEB16}"
EndProject
Project("{2150E333-8FDC-42A3-9474-1A3956D46DE8}") = "tests", "tests", "{BA1A5626-0FA9-45B2-B470-C0D6163369E8}"
EndProject
Project("{2150E333-8FDC-42A3-9474-1A3956D46DE8}") = "common", "common", "{0DAEFA41-A55E-4836-BB56-9F053DC6C4E7}"
	ProjectSection(SolutionItems) = preProject
		.gitignore = .gitignore
	EndProjectSection
EndProject
Project("{FAE04EC0-301F-11D3-BF4B-00C04F79EFBC}") = "Coffee.StockApi.Domain", "src\Coffee.StockApi.Domain\Coffee.StockApi.Domain.csproj", "{912B690A-21CB-4676-9D14-96FA46E69C80}"
EndProject
Project("{FAE04EC0-301F-11D3-BF4B-00C04F79EFBC}") = "Coffee.StockApi.Domain.Tests", "tests\Coffee.StockApi.Domain.Tests\Coffee.StockApi.Domain.Tests.csproj", "{47634152-9AB0-48A6-A90F-3F8A378E22D8}"
EndProject
Project("{FAE04EC0-301F-11D3-BF4B-00C04F79EFBC}") = "Coffee.StockApi.Infrastructure", "src\Coffee.StockApi.Infrastructure\Coffee.StockApi.Infrastructure.csproj", "{0DE4E08A-6167-43C7-A50E-60DAAA0B0996}"
EndProject
Project("{FAE04EC0-301F-11D3-BF4B-00C04F79EFBC}") = "Coffee.StockApi", "src\Coffee.StockApi\Coffee.StockApi.csproj", "{CA5CFDC0-59C1-4F3A-9163-C5B5085C6C23}"
EndProject
Global
	GlobalSection(SolutionConfigurationPlatforms) = preSolution
		Debug|Any CPU = Debug|Any CPU
		Release|Any CPU = Release|Any CPU
	EndGlobalSection
	GlobalSection(ProjectConfigurationPlatforms) = postSolution
		{912B690A-21CB-4676-9D14-96FA46E69C80}.Debug|Any CPU.ActiveCfg = Debug|Any CPU
		{912B690A-21CB-4676-9D14-96FA46E69C80}.Debug|Any CPU.Build.0 = Debug|Any CPU
		{912B690A-21CB-4676-9D14-96FA46E69C80}.Release|Any CPU.ActiveCfg = Release|Any CPU
		{912B690A-21CB-4676-9D14-96FA46E69C80}.Release|Any CPU.Build.0 = Release|Any CPU
		{47634152-9AB0-48A6-A90F-3F8A378E22D8}.Debug|Any CPU.ActiveCfg = Debug|Any CPU
		{47634152-9AB0-48A6-A90F-3F8A378E22D8}.Debug|Any CPU.Build.0 = Debug|Any CPU
		{47634152-9AB0-48A6-A90F-3F8A378E22D8}.Release|Any CPU.ActiveCfg = Release|Any CPU
		{47634152-9AB0-48A6-A90F-3F8A378E22D8}.Release|Any CPU.Build.0 = Release|Any CPU
		{0DE4E08A-6167-43C7-A50E-60DAAA0B0996}.Debug|Any CPU.ActiveCfg = Debug|Any CPU
		{0DE4E08A-6167-43C7-A50E-60DAAA0B0996}.Debug|Any CPU.Build.0 = Debug|Any CPU
		{0DE4E08A-6167-43C7-A50E-60DAAA0B0996}.Release|Any CPU.ActiveCfg = Release|Any CPU
		{0DE4E08A-6167-43C7-A50E-60DAAA0B0996}.Release|Any CPU.Build.0 = Release|Any CPU
		{CA5CFDC0-59C1-4F3A-9163-C5B5085C6C23}.Debug|Any CPU.ActiveCfg = Debug|Any CPU
		{CA5CFDC0-59C1-4F3A-9163-C5B5085C6C23}.Debug|Any CPU.Build.0 = Debug|Any CPU
		{CA5CFDC0-59C1-4F3A-9163-C5B5085C6C23}.Release|Any CPU.ActiveCfg = Release|Any CPU
		{CA5CFDC0-59C1-4F3A-9163-C5B5085C6C23}.Release|Any CPU.Build.0 = Release|Any CPU
	EndGlobalSection
	GlobalSection(NestedProjects) = preSolution
		{912B690A-21CB-4676-9D14-96FA46E69C80} = {2CFCE929-C3D4-47E5-BDA3-924E7EBCEB16}
		{47634152-9AB0-48A6-A90F-3F8A378E22D8} = {BA1A5626-0FA9-45B2-B470-C0D6163369E8}
		{0DE4E08A-6167-43C7-A50E-60DAAA0B0996} = {2CFCE929-C3D4-47E5-BDA3-924E7EBCEB16}
		{CA5CFDC0-59C1-4F3A-9163-C5B5085C6C23} = {2CFCE929-C3D4-47E5-BDA3-924E7EBCEB16}
	EndGlobalSection
EndGlobal
